// !$*UTF8*$!
{
	archiveVersion = 1;
	classes = {
	};
	objectVersion = 46;
	objects = {

/* Begin PBXBuildFile section */
		D23D17C1711B684A6CD5FC94 /* Pods_SuperPop.framework in Frameworks */ = {isa = PBXBuildFile; fileRef = 5F341CF691B96EC34A634CE9 /* Pods_SuperPop.framework */; };
		FA121E921E6662700027451E /* PlistManager.swift in Sources */ = {isa = PBXBuildFile; fileRef = FA121E911E6662700027451E /* PlistManager.swift */; };
		FA121E9A1E6866A10027451E /* SuperPopTests.swift in Sources */ = {isa = PBXBuildFile; fileRef = FA121E991E6866A10027451E /* SuperPopTests.swift */; };
		FA121EA81E686EB80027451E /* SuperPopUITests.swift in Sources */ = {isa = PBXBuildFile; fileRef = FA121EA71E686EB80027451E /* SuperPopUITests.swift */; };
		FA7132761E65840700D1BF04 /* AppDelegate.swift in Sources */ = {isa = PBXBuildFile; fileRef = FA7132751E65840700D1BF04 /* AppDelegate.swift */; };
		FA7132781E65840700D1BF04 /* MainViewController.swift in Sources */ = {isa = PBXBuildFile; fileRef = FA7132771E65840700D1BF04 /* MainViewController.swift */; };
		FA71327B1E65840700D1BF04 /* Main.storyboard in Resources */ = {isa = PBXBuildFile; fileRef = FA7132791E65840700D1BF04 /* Main.storyboard */; };
		FA71327D1E65840700D1BF04 /* Assets.xcassets in Resources */ = {isa = PBXBuildFile; fileRef = FA71327C1E65840700D1BF04 /* Assets.xcassets */; };
		FA7132801E65840700D1BF04 /* LaunchScreen.storyboard in Resources */ = {isa = PBXBuildFile; fileRef = FA71327E1E65840700D1BF04 /* LaunchScreen.storyboard */; };
		FA7132881E65884900D1BF04 /* AddViewController.swift in Sources */ = {isa = PBXBuildFile; fileRef = FA7132871E65884900D1BF04 /* AddViewController.swift */; };
		FA71328A1E6588DC00D1BF04 /* CameraViewController.swift in Sources */ = {isa = PBXBuildFile; fileRef = FA7132891E6588DC00D1BF04 /* CameraViewController.swift */; };
		FA71328C1E658C1200D1BF04 /* Config.swift in Sources */ = {isa = PBXBuildFile; fileRef = FA71328B1E658C1200D1BF04 /* Config.swift */; };
		FA71328E1E658C3100D1BF04 /* UIViewExtension.swift in Sources */ = {isa = PBXBuildFile; fileRef = FA71328D1E658C3100D1BF04 /* UIViewExtension.swift */; };
		FAE89E901E65987300116C2B /* link.plist in Resources */ = {isa = PBXBuildFile; fileRef = FAE89E8F1E65987300116C2B /* link.plist */; };
		FAE89E921E65A4C100116C2B /* StringExtension.swift in Sources */ = {isa = PBXBuildFile; fileRef = FAE89E911E65A4C100116C2B /* StringExtension.swift */; };
		FAE89E941E65A63500116C2B /* HomeCell.swift in Sources */ = {isa = PBXBuildFile; fileRef = FAE89E931E65A63500116C2B /* HomeCell.swift */; };
/* End PBXBuildFile section */

/* Begin PBXContainerItemProxy section */
		FA121E9C1E6866A10027451E /* PBXContainerItemProxy */ = {
			isa = PBXContainerItemProxy;
			containerPortal = FA71326A1E65840700D1BF04 /* Project object */;
			proxyType = 1;
			remoteGlobalIDString = FA7132711E65840700D1BF04;
			remoteInfo = SuperPop;
		};
		FA121EAA1E686EB80027451E /* PBXContainerItemProxy */ = {
			isa = PBXContainerItemProxy;
			containerPortal = FA71326A1E65840700D1BF04 /* Project object */;
			proxyType = 1;
			remoteGlobalIDString = FA7132711E65840700D1BF04;
			remoteInfo = SuperPop;
		};
/* End PBXContainerItemProxy section */

/* Begin PBXFileReference section */
		2C849FE31E5BAC17EE731C23 /* Pods-SuperPop.debug.xcconfig */ = {isa = PBXFileReference; includeInIndex = 1; lastKnownFileType = text.xcconfig; name = "Pods-SuperPop.debug.xcconfig"; path = "Pods/Target Support Files/Pods-SuperPop/Pods-SuperPop.debug.xcconfig"; sourceTree = "<group>"; };
		5F341CF691B96EC34A634CE9 /* Pods_SuperPop.framework */ = {isa = PBXFileReference; explicitFileType = wrapper.framework; includeInIndex = 0; path = Pods_SuperPop.framework; sourceTree = BUILT_PRODUCTS_DIR; };
		D583FB2929B289265FD25723 /* Pods-SuperPop.release.xcconfig */ = {isa = PBXFileReference; includeInIndex = 1; lastKnownFileType = text.xcconfig; name = "Pods-SuperPop.release.xcconfig"; path = "Pods/Target Support Files/Pods-SuperPop/Pods-SuperPop.release.xcconfig"; sourceTree = "<group>"; };
		FA121E911E6662700027451E /* PlistManager.swift */ = {isa = PBXFileReference; fileEncoding = 4; lastKnownFileType = sourcecode.swift; path = PlistManager.swift; sourceTree = "<group>"; };
		FA121E971E6866A10027451E /* SuperPopTests.xctest */ = {isa = PBXFileReference; explicitFileType = wrapper.cfbundle; includeInIndex = 0; path = SuperPopTests.xctest; sourceTree = BUILT_PRODUCTS_DIR; };
		FA121E991E6866A10027451E /* SuperPopTests.swift */ = {isa = PBXFileReference; lastKnownFileType = sourcecode.swift; path = SuperPopTests.swift; sourceTree = "<group>"; };
		FA121E9B1E6866A10027451E /* Info.plist */ = {isa = PBXFileReference; lastKnownFileType = text.plist.xml; path = Info.plist; sourceTree = "<group>"; };
		FA121EA51E686EB70027451E /* SuperPopUITests.xctest */ = {isa = PBXFileReference; explicitFileType = wrapper.cfbundle; includeInIndex = 0; path = SuperPopUITests.xctest; sourceTree = BUILT_PRODUCTS_DIR; };
		FA121EA71E686EB80027451E /* SuperPopUITests.swift */ = {isa = PBXFileReference; lastKnownFileType = sourcecode.swift; path = SuperPopUITests.swift; sourceTree = "<group>"; };
		FA121EA91E686EB80027451E /* Info.plist */ = {isa = PBXFileReference; lastKnownFileType = text.plist.xml; path = Info.plist; sourceTree = "<group>"; };
		FA7132721E65840700D1BF04 /* SuperPop.app */ = {isa = PBXFileReference; explicitFileType = wrapper.application; includeInIndex = 0; path = SuperPop.app; sourceTree = BUILT_PRODUCTS_DIR; };
		FA7132751E65840700D1BF04 /* AppDelegate.swift */ = {isa = PBXFileReference; lastKnownFileType = sourcecode.swift; path = AppDelegate.swift; sourceTree = "<group>"; };
		FA7132771E65840700D1BF04 /* MainViewController.swift */ = {isa = PBXFileReference; lastKnownFileType = sourcecode.swift; path = MainViewController.swift; sourceTree = "<group>"; };
		FA71327A1E65840700D1BF04 /* Base */ = {isa = PBXFileReference; lastKnownFileType = file.storyboard; name = Base; path = Base.lproj/Main.storyboard; sourceTree = "<group>"; };
		FA71327C1E65840700D1BF04 /* Assets.xcassets */ = {isa = PBXFileReference; lastKnownFileType = folder.assetcatalog; path = Assets.xcassets; sourceTree = "<group>"; };
		FA71327F1E65840700D1BF04 /* Base */ = {isa = PBXFileReference; lastKnownFileType = file.storyboard; name = Base; path = Base.lproj/LaunchScreen.storyboard; sourceTree = "<group>"; };
		FA7132811E65840700D1BF04 /* Info.plist */ = {isa = PBXFileReference; lastKnownFileType = text.plist.xml; path = Info.plist; sourceTree = "<group>"; };
		FA7132871E65884900D1BF04 /* AddViewController.swift */ = {isa = PBXFileReference; fileEncoding = 4; lastKnownFileType = sourcecode.swift; path = AddViewController.swift; sourceTree = "<group>"; };
		FA7132891E6588DC00D1BF04 /* CameraViewController.swift */ = {isa = PBXFileReference; fileEncoding = 4; lastKnownFileType = sourcecode.swift; path = CameraViewController.swift; sourceTree = "<group>"; };
		FA71328B1E658C1200D1BF04 /* Config.swift */ = {isa = PBXFileReference; fileEncoding = 4; lastKnownFileType = sourcecode.swift; path = Config.swift; sourceTree = "<group>"; };
		FA71328D1E658C3100D1BF04 /* UIViewExtension.swift */ = {isa = PBXFileReference; fileEncoding = 4; lastKnownFileType = sourcecode.swift; path = UIViewExtension.swift; sourceTree = "<group>"; };
		FAE89E8F1E65987300116C2B /* link.plist */ = {isa = PBXFileReference; fileEncoding = 4; lastKnownFileType = text.plist.xml; path = link.plist; sourceTree = "<group>"; };
		FAE89E911E65A4C100116C2B /* StringExtension.swift */ = {isa = PBXFileReference; fileEncoding = 4; lastKnownFileType = sourcecode.swift; path = StringExtension.swift; sourceTree = "<group>"; };
		FAE89E931E65A63500116C2B /* HomeCell.swift */ = {isa = PBXFileReference; fileEncoding = 4; lastKnownFileType = sourcecode.swift; path = HomeCell.swift; sourceTree = "<group>"; };
/* End PBXFileReference section */

/* Begin PBXFrameworksBuildPhase section */
		FA121E941E6866A10027451E /* Frameworks */ = {
			isa = PBXFrameworksBuildPhase;
			buildActionMask = 2147483647;
			files = (
			);
			runOnlyForDeploymentPostprocessing = 0;
		};
		FA121EA21E686EB70027451E /* Frameworks */ = {
			isa = PBXFrameworksBuildPhase;
			buildActionMask = 2147483647;
			files = (
			);
			runOnlyForDeploymentPostprocessing = 0;
		};
		FA71326F1E65840700D1BF04 /* Frameworks */ = {
			isa = PBXFrameworksBuildPhase;
			buildActionMask = 2147483647;
			files = (
				D23D17C1711B684A6CD5FC94 /* Pods_SuperPop.framework in Frameworks */,
			);
			runOnlyForDeploymentPostprocessing = 0;
		};
/* End PBXFrameworksBuildPhase section */

/* Begin PBXGroup section */
		30842AE0B69BD203D62B6105 /* Frameworks */ = {
			isa = PBXGroup;
			children = (
				5F341CF691B96EC34A634CE9 /* Pods_SuperPop.framework */,
			);
			name = Frameworks;
			sourceTree = "<group>";
		};
		95860C6A2DAAC661840B3E1A /* Pods */ = {
			isa = PBXGroup;
			children = (
				2C849FE31E5BAC17EE731C23 /* Pods-SuperPop.debug.xcconfig */,
				D583FB2929B289265FD25723 /* Pods-SuperPop.release.xcconfig */,
			);
			name = Pods;
			sourceTree = "<group>";
		};
		FA121E981E6866A10027451E /* SuperPopTests */ = {
			isa = PBXGroup;
			children = (
				FA121E991E6866A10027451E /* SuperPopTests.swift */,
				FA121E9B1E6866A10027451E /* Info.plist */,
			);
			path = SuperPopTests;
			sourceTree = "<group>";
		};
		FA121EA61E686EB80027451E /* SuperPopUITests */ = {
			isa = PBXGroup;
			children = (
				FA121EA71E686EB80027451E /* SuperPopUITests.swift */,
				FA121EA91E686EB80027451E /* Info.plist */,
			);
			path = SuperPopUITests;
			sourceTree = "<group>";
		};
		FA7132691E65840700D1BF04 = {
			isa = PBXGroup;
			children = (
				FA7132741E65840700D1BF04 /* SuperPop */,
				FA121E981E6866A10027451E /* SuperPopTests */,
				FA121EA61E686EB80027451E /* SuperPopUITests */,
				FA7132731E65840700D1BF04 /* Products */,
				95860C6A2DAAC661840B3E1A /* Pods */,
				30842AE0B69BD203D62B6105 /* Frameworks */,
			);
			sourceTree = "<group>";
		};
		FA7132731E65840700D1BF04 /* Products */ = {
			isa = PBXGroup;
			children = (
				FA7132721E65840700D1BF04 /* SuperPop.app */,
				FA121E971E6866A10027451E /* SuperPopTests.xctest */,
				FA121EA51E686EB70027451E /* SuperPopUITests.xctest */,
			);
			name = Products;
			sourceTree = "<group>";
		};
		FA7132741E65840700D1BF04 /* SuperPop */ = {
			isa = PBXGroup;
			children = (
				FA7132751E65840700D1BF04 /* AppDelegate.swift */,
				FA7132771E65840700D1BF04 /* MainViewController.swift */,
				FA7132871E65884900D1BF04 /* AddViewController.swift */,
				FA7132891E6588DC00D1BF04 /* CameraViewController.swift */,
				FAE89E931E65A63500116C2B /* HomeCell.swift */,
				FA121E911E6662700027451E /* PlistManager.swift */,
				FA7132791E65840700D1BF04 /* Main.storyboard */,
				FA71327C1E65840700D1BF04 /* Assets.xcassets */,
				FA71327E1E65840700D1BF04 /* LaunchScreen.storyboard */,
				FA7132811E65840700D1BF04 /* Info.plist */,
				FAE89E8F1E65987300116C2B /* link.plist */,
				FA71328B1E658C1200D1BF04 /* Config.swift */,
				FA71328D1E658C3100D1BF04 /* UIViewExtension.swift */,
				FAE89E911E65A4C100116C2B /* StringExtension.swift */,
			);
			path = SuperPop;
			sourceTree = "<group>";
		};
/* End PBXGroup section */

/* Begin PBXNativeTarget section */
		FA121E961E6866A10027451E /* SuperPopTests */ = {
			isa = PBXNativeTarget;
			buildConfigurationList = FA121EA01E6866A10027451E /* Build configuration list for PBXNativeTarget "SuperPopTests" */;
			buildPhases = (
				FA121E931E6866A10027451E /* Sources */,
				FA121E941E6866A10027451E /* Frameworks */,
				FA121E951E6866A10027451E /* Resources */,
			);
			buildRules = (
			);
			dependencies = (
				FA121E9D1E6866A10027451E /* PBXTargetDependency */,
			);
			name = SuperPopTests;
			productName = SuperPopTests;
			productReference = FA121E971E6866A10027451E /* SuperPopTests.xctest */;
			productType = "com.apple.product-type.bundle.unit-test";
		};
		FA121EA41E686EB70027451E /* SuperPopUITests */ = {
			isa = PBXNativeTarget;
			buildConfigurationList = FA121EAC1E686EB80027451E /* Build configuration list for PBXNativeTarget "SuperPopUITests" */;
			buildPhases = (
				FA121EA11E686EB70027451E /* Sources */,
				FA121EA21E686EB70027451E /* Frameworks */,
				FA121EA31E686EB70027451E /* Resources */,
			);
			buildRules = (
			);
			dependencies = (
				FA121EAB1E686EB80027451E /* PBXTargetDependency */,
			);
			name = SuperPopUITests;
			productName = SuperPopUITests;
			productReference = FA121EA51E686EB70027451E /* SuperPopUITests.xctest */;
			productType = "com.apple.product-type.bundle.ui-testing";
		};
		FA7132711E65840700D1BF04 /* SuperPop */ = {
			isa = PBXNativeTarget;
			buildConfigurationList = FA7132841E65840700D1BF04 /* Build configuration list for PBXNativeTarget "SuperPop" */;
			buildPhases = (
				5FFCC216F28F8F37D87D2F2F /* [CP] Check Pods Manifest.lock */,
				FA71326E1E65840700D1BF04 /* Sources */,
				FA71326F1E65840700D1BF04 /* Frameworks */,
				FA7132701E65840700D1BF04 /* Resources */,
				C4F5727DDCFB45B64C658FA6 /* [CP] Embed Pods Frameworks */,
				718CA870A38F05A53C9FBBCE /* [CP] Copy Pods Resources */,
			);
			buildRules = (
			);
			dependencies = (
			);
			name = SuperPop;
			productName = SuperPop;
			productReference = FA7132721E65840700D1BF04 /* SuperPop.app */;
			productType = "com.apple.product-type.application";
		};
/* End PBXNativeTarget section */

/* Begin PBXProject section */
		FA71326A1E65840700D1BF04 /* Project object */ = {
			isa = PBXProject;
			attributes = {
				LastSwiftUpdateCheck = 0820;
				LastUpgradeCheck = 0820;
				ORGANIZATIONNAME = JGCM;
				TargetAttributes = {
					FA121E961E6866A10027451E = {
						CreatedOnToolsVersion = 8.2.1;
						DevelopmentTeam = Y6SZS4JQ7Q;
						ProvisioningStyle = Automatic;
						TestTargetID = FA7132711E65840700D1BF04;
					};
					FA121EA41E686EB70027451E = {
						CreatedOnToolsVersion = 8.2.1;
						DevelopmentTeam = Y6SZS4JQ7Q;
						ProvisioningStyle = Automatic;
						TestTargetID = FA7132711E65840700D1BF04;
					};
					FA7132711E65840700D1BF04 = {
						CreatedOnToolsVersion = 8.2.1;
						DevelopmentTeam = Y6SZS4JQ7Q;
						ProvisioningStyle = Manual;
					};
				};
			};
			buildConfigurationList = FA71326D1E65840700D1BF04 /* Build configuration list for PBXProject "SuperPop" */;
			compatibilityVersion = "Xcode 3.2";
			developmentRegion = English;
			hasScannedForEncodings = 0;
			knownRegions = (
				en,
				Base,
			);
			mainGroup = FA7132691E65840700D1BF04;
			productRefGroup = FA7132731E65840700D1BF04 /* Products */;
			projectDirPath = "";
			projectRoot = "";
			targets = (
				FA7132711E65840700D1BF04 /* SuperPop */,
				FA121E961E6866A10027451E /* SuperPopTests */,
				FA121EA41E686EB70027451E /* SuperPopUITests */,
			);
		};
/* End PBXProject section */

/* Begin PBXResourcesBuildPhase section */
		FA121E951E6866A10027451E /* Resources */ = {
			isa = PBXResourcesBuildPhase;
			buildActionMask = 2147483647;
			files = (
			);
			runOnlyForDeploymentPostprocessing = 0;
		};
		FA121EA31E686EB70027451E /* Resources */ = {
			isa = PBXResourcesBuildPhase;
			buildActionMask = 2147483647;
			files = (
			);
			runOnlyForDeploymentPostprocessing = 0;
		};
		FA7132701E65840700D1BF04 /* Resources */ = {
			isa = PBXResourcesBuildPhase;
			buildActionMask = 2147483647;
			files = (
				FA7132801E65840700D1BF04 /* LaunchScreen.storyboard in Resources */,
				FA71327D1E65840700D1BF04 /* Assets.xcassets in Resources */,
				FAE89E901E65987300116C2B /* link.plist in Resources */,
				FA71327B1E65840700D1BF04 /* Main.storyboard in Resources */,
			);
			runOnlyForDeploymentPostprocessing = 0;
		};
/* End PBXResourcesBuildPhase section */

/* Begin PBXShellScriptBuildPhase section */
		5FFCC216F28F8F37D87D2F2F /* [CP] Check Pods Manifest.lock */ = {
			isa = PBXShellScriptBuildPhase;
			buildActionMask = 2147483647;
			files = (
			);
			inputPaths = (
			);
			name = "[CP] Check Pods Manifest.lock";
			outputPaths = (
			);
			runOnlyForDeploymentPostprocessing = 0;
			shellPath = /bin/sh;
			shellScript = "diff \"${PODS_ROOT}/../Podfile.lock\" \"${PODS_ROOT}/Manifest.lock\" > /dev/null\nif [ $? != 0 ] ; then\n    # print error to STDERR\n    echo \"error: The sandbox is not in sync with the Podfile.lock. Run 'pod install' or update your CocoaPods installation.\" >&2\n    exit 1\nfi\n";
			showEnvVarsInLog = 0;
		};
		718CA870A38F05A53C9FBBCE /* [CP] Copy Pods Resources */ = {
			isa = PBXShellScriptBuildPhase;
			buildActionMask = 2147483647;
			files = (
			);
			inputPaths = (
			);
			name = "[CP] Copy Pods Resources";
			outputPaths = (
			);
			runOnlyForDeploymentPostprocessing = 0;
			shellPath = /bin/sh;
			shellScript = "\"${SRCROOT}/Pods/Target Support Files/Pods-SuperPop/Pods-SuperPop-resources.sh\"\n";
			showEnvVarsInLog = 0;
		};
		C4F5727DDCFB45B64C658FA6 /* [CP] Embed Pods Frameworks */ = {
			isa = PBXShellScriptBuildPhase;
			buildActionMask = 2147483647;
			files = (
			);
			inputPaths = (
			);
			name = "[CP] Embed Pods Frameworks";
			outputPaths = (
			);
			runOnlyForDeploymentPostprocessing = 0;
			shellPath = /bin/sh;
			shellScript = "\"${SRCROOT}/Pods/Target Support Files/Pods-SuperPop/Pods-SuperPop-frameworks.sh\"\n";
			showEnvVarsInLog = 0;
		};
/* End PBXShellScriptBuildPhase section */

/* Begin PBXSourcesBuildPhase section */
		FA121E931E6866A10027451E /* Sources */ = {
			isa = PBXSourcesBuildPhase;
			buildActionMask = 2147483647;
			files = (
				FA121E9A1E6866A10027451E /* SuperPopTests.swift in Sources */,
			);
			runOnlyForDeploymentPostprocessing = 0;
		};
		FA121EA11E686EB70027451E /* Sources */ = {
			isa = PBXSourcesBuildPhase;
			buildActionMask = 2147483647;
			files = (
				FA121EA81E686EB80027451E /* SuperPopUITests.swift in Sources */,
			);
			runOnlyForDeploymentPostprocessing = 0;
		};
		FA71326E1E65840700D1BF04 /* Sources */ = {
			isa = PBXSourcesBuildPhase;
			buildActionMask = 2147483647;
			files = (
				FA71328E1E658C3100D1BF04 /* UIViewExtension.swift in Sources */,
				FAE89E921E65A4C100116C2B /* StringExtension.swift in Sources */,
				FAE89E941E65A63500116C2B /* HomeCell.swift in Sources */,
				FA121E921E6662700027451E /* PlistManager.swift in Sources */,
				FA7132781E65840700D1BF04 /* MainViewController.swift in Sources */,
				FA71328A1E6588DC00D1BF04 /* CameraViewController.swift in Sources */,
				FA71328C1E658C1200D1BF04 /* Config.swift in Sources */,
				FA7132761E65840700D1BF04 /* AppDelegate.swift in Sources */,
				FA7132881E65884900D1BF04 /* AddViewController.swift in Sources */,
			);
			runOnlyForDeploymentPostprocessing = 0;
		};
/* End PBXSourcesBuildPhase section */

/* Begin PBXTargetDependency section */
		FA121E9D1E6866A10027451E /* PBXTargetDependency */ = {
			isa = PBXTargetDependency;
			target = FA7132711E65840700D1BF04 /* SuperPop */;
			targetProxy = FA121E9C1E6866A10027451E /* PBXContainerItemProxy */;
		};
		FA121EAB1E686EB80027451E /* PBXTargetDependency */ = {
			isa = PBXTargetDependency;
			target = FA7132711E65840700D1BF04 /* SuperPop */;
			targetProxy = FA121EAA1E686EB80027451E /* PBXContainerItemProxy */;
		};
/* End PBXTargetDependency section */

/* Begin PBXVariantGroup section */
		FA7132791E65840700D1BF04 /* Main.storyboard */ = {
			isa = PBXVariantGroup;
			children = (
				FA71327A1E65840700D1BF04 /* Base */,
			);
			name = Main.storyboard;
			sourceTree = "<group>";
		};
		FA71327E1E65840700D1BF04 /* LaunchScreen.storyboard */ = {
			isa = PBXVariantGroup;
			children = (
				FA71327F1E65840700D1BF04 /* Base */,
			);
			name = LaunchScreen.storyboard;
			sourceTree = "<group>";
		};
/* End PBXVariantGroup section */

/* Begin XCBuildConfiguration section */
		FA121E9E1E6866A10027451E /* Debug */ = {
			isa = XCBuildConfiguration;
			buildSettings = {
				BUNDLE_LOADER = "$(TEST_HOST)";
				DEVELOPMENT_TEAM = Y6SZS4JQ7Q;
				INFOPLIST_FILE = SuperPopTests/Info.plist;
				IPHONEOS_DEPLOYMENT_TARGET = 10.2;
				LD_RUNPATH_SEARCH_PATHS = "$(inherited) @executable_path/Frameworks @loader_path/Frameworks";
				PRODUCT_BUNDLE_IDENTIFIER = com.JGCM.TangShop.SuperPopTests;
				PRODUCT_NAME = "$(TARGET_NAME)";
				SWIFT_VERSION = 3.0;
				TEST_HOST = "$(BUILT_PRODUCTS_DIR)/SuperPop.app/SuperPop";
			};
			name = Debug;
		};
		FA121E9F1E6866A10027451E /* Release */ = {
			isa = XCBuildConfiguration;
			buildSettings = {
				BUNDLE_LOADER = "$(TEST_HOST)";
				DEVELOPMENT_TEAM = Y6SZS4JQ7Q;
				INFOPLIST_FILE = SuperPopTests/Info.plist;
				IPHONEOS_DEPLOYMENT_TARGET = 10.2;
				LD_RUNPATH_SEARCH_PATHS = "$(inherited) @executable_path/Frameworks @loader_path/Frameworks";
				PRODUCT_BUNDLE_IDENTIFIER = com.JGCM.TangShop.SuperPopTests;
				PRODUCT_NAME = "$(TARGET_NAME)";
				SWIFT_VERSION = 3.0;
				TEST_HOST = "$(BUILT_PRODUCTS_DIR)/SuperPop.app/SuperPop";
			};
			name = Release;
		};
		FA121EAD1E686EB80027451E /* Debug */ = {
			isa = XCBuildConfiguration;
			buildSettings = {
				DEVELOPMENT_TEAM = Y6SZS4JQ7Q;
				INFOPLIST_FILE = SuperPopUITests/Info.plist;
				IPHONEOS_DEPLOYMENT_TARGET = 10.2;
				LD_RUNPATH_SEARCH_PATHS = "$(inherited) @executable_path/Frameworks @loader_path/Frameworks";
				PRODUCT_BUNDLE_IDENTIFIER = com.JGCM.TangShop.SuperPopUITests;
				PRODUCT_NAME = "$(TARGET_NAME)";
				PROVISIONING_PROFILE = "201f304c-018a-443b-8b21-c5d9fb5b8c10";
				SWIFT_VERSION = 3.0;
				TEST_TARGET_NAME = SuperPop;
			};
			name = Debug;
		};
		FA121EAE1E686EB80027451E /* Release */ = {
			isa = XCBuildConfiguration;
			buildSettings = {
				DEVELOPMENT_TEAM = Y6SZS4JQ7Q;
				INFOPLIST_FILE = SuperPopUITests/Info.plist;
				IPHONEOS_DEPLOYMENT_TARGET = 10.2;
				LD_RUNPATH_SEARCH_PATHS = "$(inherited) @executable_path/Frameworks @loader_path/Frameworks";
				PRODUCT_BUNDLE_IDENTIFIER = com.JGCM.TangShop.SuperPopUITests;
				PRODUCT_NAME = "$(TARGET_NAME)";
				PROVISIONING_PROFILE = "201f304c-018a-443b-8b21-c5d9fb5b8c10";
				SWIFT_VERSION = 3.0;
				TEST_TARGET_NAME = SuperPop;
			};
			name = Release;
		};
		FA7132821E65840700D1BF04 /* Debug */ = {
			isa = XCBuildConfiguration;
			buildSettings = {
				ALWAYS_SEARCH_USER_PATHS = NO;
				CLANG_ANALYZER_NONNULL = YES;
				CLANG_CXX_LANGUAGE_STANDARD = "gnu++0x";
				CLANG_CXX_LIBRARY = "libc++";
				CLANG_ENABLE_MODULES = YES;
				CLANG_ENABLE_OBJC_ARC = YES;
				CLANG_WARN_BOOL_CONVERSION = YES;
				CLANG_WARN_CONSTANT_CONVERSION = YES;
				CLANG_WARN_DIRECT_OBJC_ISA_USAGE = YES_ERROR;
				CLANG_WARN_DOCUMENTATION_COMMENTS = YES;
				CLANG_WARN_EMPTY_BODY = YES;
				CLANG_WARN_ENUM_CONVERSION = YES;
				CLANG_WARN_INFINITE_RECURSION = YES;
				CLANG_WARN_INT_CONVERSION = YES;
				CLANG_WARN_OBJC_ROOT_CLASS = YES_ERROR;
				CLANG_WARN_SUSPICIOUS_MOVE = YES;
				CLANG_WARN_UNREACHABLE_CODE = YES;
				CLANG_WARN__DUPLICATE_METHOD_MATCH = YES;
				"CODE_SIGN_IDENTITY[sdk=iphoneos*]" = "iPhone Developer";
				COPY_PHASE_STRIP = NO;
				DEBUG_INFORMATION_FORMAT = dwarf;
				ENABLE_STRICT_OBJC_MSGSEND = YES;
				ENABLE_TESTABILITY = YES;
				GCC_C_LANGUAGE_STANDARD = gnu99;
				GCC_DYNAMIC_NO_PIC = NO;
				GCC_NO_COMMON_BLOCKS = YES;
				GCC_OPTIMIZATION_LEVEL = 0;
				GCC_PREPROCESSOR_DEFINITIONS = (
					"DEBUG=1",
					"$(inherited)",
				);
				GCC_WARN_64_TO_32_BIT_CONVERSION = YES;
				GCC_WARN_ABOUT_RETURN_TYPE = YES_ERROR;
				GCC_WARN_UNDECLARED_SELECTOR = YES;
				GCC_WARN_UNINITIALIZED_AUTOS = YES_AGGRESSIVE;
				GCC_WARN_UNUSED_FUNCTION = YES;
				GCC_WARN_UNUSED_VARIABLE = YES;
				IPHONEOS_DEPLOYMENT_TARGET = 8.0;
				MTL_ENABLE_DEBUG_INFO = YES;
				ONLY_ACTIVE_ARCH = YES;
				SDKROOT = iphoneos;
				SWIFT_ACTIVE_COMPILATION_CONDITIONS = DEBUG;
				SWIFT_OPTIMIZATION_LEVEL = "-Onone";
			};
			name = Debug;
		};
		FA7132831E65840700D1BF04 /* Release */ = {
			isa = XCBuildConfiguration;
			buildSettings = {
				ALWAYS_SEARCH_USER_PATHS = NO;
				CLANG_ANALYZER_NONNULL = YES;
				CLANG_CXX_LANGUAGE_STANDARD = "gnu++0x";
				CLANG_CXX_LIBRARY = "libc++";
				CLANG_ENABLE_MODULES = YES;
				CLANG_ENABLE_OBJC_ARC = YES;
				CLANG_WARN_BOOL_CONVERSION = YES;
				CLANG_WARN_CONSTANT_CONVERSION = YES;
				CLANG_WARN_DIRECT_OBJC_ISA_USAGE = YES_ERROR;
				CLANG_WARN_DOCUMENTATION_COMMENTS = YES;
				CLANG_WARN_EMPTY_BODY = YES;
				CLANG_WARN_ENUM_CONVERSION = YES;
				CLANG_WARN_INFINITE_RECURSION = YES;
				CLANG_WARN_INT_CONVERSION = YES;
				CLANG_WARN_OBJC_ROOT_CLASS = YES_ERROR;
				CLANG_WARN_SUSPICIOUS_MOVE = YES;
				CLANG_WARN_UNREACHABLE_CODE = YES;
				CLANG_WARN__DUPLICATE_METHOD_MATCH = YES;
				"CODE_SIGN_IDENTITY[sdk=iphoneos*]" = "iPhone Developer";
				COPY_PHASE_STRIP = NO;
				DEBUG_INFORMATION_FORMAT = "dwarf-with-dsym";
				ENABLE_NS_ASSERTIONS = NO;
				ENABLE_STRICT_OBJC_MSGSEND = YES;
				GCC_C_LANGUAGE_STANDARD = gnu99;
				GCC_NO_COMMON_BLOCKS = YES;
				GCC_WARN_64_TO_32_BIT_CONVERSION = YES;
				GCC_WARN_ABOUT_RETURN_TYPE = YES_ERROR;
				GCC_WARN_UNDECLARED_SELECTOR = YES;
				GCC_WARN_UNINITIALIZED_AUTOS = YES_AGGRESSIVE;
				GCC_WARN_UNUSED_FUNCTION = YES;
				GCC_WARN_UNUSED_VARIABLE = YES;
				IPHONEOS_DEPLOYMENT_TARGET = 8.0;
				MTL_ENABLE_DEBUG_INFO = NO;
				SDKROOT = iphoneos;
				SWIFT_OPTIMIZATION_LEVEL = "-Owholemodule";
				VALIDATE_PRODUCT = YES;
			};
			name = Release;
		};
		FA7132851E65840700D1BF04 /* Debug */ = {
			isa = XCBuildConfiguration;
			baseConfigurationReference = 2C849FE31E5BAC17EE731C23 /* Pods-SuperPop.debug.xcconfig */;
			buildSettings = {
				ALWAYS_EMBED_SWIFT_STANDARD_LIBRARIES = YES;
				ASSETCATALOG_COMPILER_APPICON_NAME = AppIcon;
				DEVELOPMENT_TEAM = Y6SZS4JQ7Q;
				INFOPLIST_FILE = SuperPop/Info.plist;
				IPHONEOS_DEPLOYMENT_TARGET = 8.0;
				LD_RUNPATH_SEARCH_PATHS = "$(inherited) @executable_path/Frameworks";
				PRODUCT_BUNDLE_IDENTIFIER = com.JGCM.qiuqiuPOST;
				PRODUCT_NAME = "$(TARGET_NAME)";
				PROVISIONING_PROFILE = "201f304c-018a-443b-8b21-c5d9fb5b8c10";
				PROVISIONING_PROFILE_SPECIFIER = Pro_Dev_qiuqiu_2017_2_26;
				SWIFT_VERSION = 3.0;
			};
			name = Debug;
		};
		FA7132861E65840700D1BF04 /* Release */ = {
			isa = XCBuildConfiguration;
			baseConfigurationReference = D583FB2929B289265FD25723 /* Pods-SuperPop.release.xcconfig */;
			buildSettings = {
				ALWAYS_EMBED_SWIFT_STANDARD_LIBRARIES = YES;
				ASSETCATALOG_COMPILER_APPICON_NAME = AppIcon;
				DEVELOPMENT_TEAM = Y6SZS4JQ7Q;
				INFOPLIST_FILE = SuperPop/Info.plist;
				IPHONEOS_DEPLOYMENT_TARGET = 8.0;
				LD_RUNPATH_SEARCH_PATHS = "$(inherited) @executable_path/Frameworks";
				PRODUCT_BUNDLE_IDENTIFIER = com.JGCM.qiuqiuPOST;
				PRODUCT_NAME = "$(TARGET_NAME)";
				PROVISIONING_PROFILE = "201f304c-018a-443b-8b21-c5d9fb5b8c10";
				PROVISIONING_PROFILE_SPECIFIER = Pro_Dev_qiuqiu_2017_2_26;
				SWIFT_VERSION = 3.0;
			};
			name = Release;
		};
/* End XCBuildConfiguration section */

/* Begin XCConfigurationList section */
		FA121EA01E6866A10027451E /* Build configuration list for PBXNativeTarget "SuperPopTests" */ = {
			isa = XCConfigurationList;
			buildConfigurations = (
				FA121E9E1E6866A10027451E /* Debug */,
				FA121E9F1E6866A10027451E /* Release */,
			);
			defaultConfigurationIsVisible = 0;
		};
		FA121EAC1E686EB80027451E /* Build configuration list for PBXNativeTarget "SuperPopUITests" */ = {
			isa = XCConfigurationList;
			buildConfigurations = (
				FA121EAD1E686EB80027451E /* Debug */,
				FA121EAE1E686EB80027451E /* Release */,
			);
			defaultConfigurationIsVisible = 0;
		};
		FA71326D1E65840700D1BF04 /* Build configuration list for PBXProject "SuperPop" */ = {
			isa = XCConfigurationList;
			buildConfigurations = (
				FA7132821E65840700D1BF04 /* Debug */,
				FA7132831E65840700D1BF04 /* Release */,
			);
			defaultConfigurationIsVisible = 0;
			defaultConfigurationName = Release;
		};
		FA7132841E65840700D1BF04 /* Build configuration list for PBXNativeTarget "SuperPop" */ = {
			isa = XCConfigurationList;
			buildConfigurations = (
				FA7132851E65840700D1BF04 /* Debug */,
				FA7132861E65840700D1BF04 /* Release */,
			);
			defaultConfigurationIsVisible = 0;
			defaultConfigurationName = Release;
		};
/* End XCConfigurationList section */
	};
	rootObject = FA71326A1E65840700D1BF04 /* Project object */;
}
